
Microsoft Visual Studio Solution File, Format Version 12.00
# Visual Studio 15
VisualStudioVersion = 15.0.27703.2035
MinimumVisualStudioVersion = 10.0.40219.1
Project("{FAE04EC0-301F-11D3-BF4B-00C04F79EFBC}") = "TicTacToe.UnitTests", "TicTacToeTest\TicTacToe.UnitTests.csproj", "{638641CC-F4D3-4BED-B6BD-51E091C9BCB9}"
EndProject
Project("{FAE04EC0-301F-11D3-BF4B-00C04F79EFBC}") = "TicTacToeHayes", "..\TicTacToeHayes\TicTacToeHayes.csproj", "{6A001DE4-DAB4-404E-ABB5-F59C444EDA78}"
EndProject
Global
	GlobalSection(SolutionConfigurationPlatforms) = preSolution
		Debug|Any CPU = Debug|Any CPU
		Release|Any CPU = Release|Any CPU
	EndGlobalSection
	GlobalSection(ProjectConfigurationPlatforms) = postSolution
		{638641CC-F4D3-4BED-B6BD-51E091C9BCB9}.Debug|Any CPU.ActiveCfg = Debug|Any CPU
		{638641CC-F4D3-4BED-B6BD-51E091C9BCB9}.Debug|Any CPU.Build.0 = Debug|Any CPU
		{638641CC-F4D3-4BED-B6BD-51E091C9BCB9}.Release|Any CPU.ActiveCfg = Release|Any CPU
		{638641CC-F4D3-4BED-B6BD-51E091C9BCB9}.Release|Any CPU.Build.0 = Release|Any CPU
		{6A001DE4-DAB4-404E-ABB5-F59C444EDA78}.Debug|Any CPU.ActiveCfg = Debug|Any CPU
		{6A001DE4-DAB4-404E-ABB5-F59C444EDA78}.Debug|Any CPU.Build.0 = Debug|Any CPU
		{6A001DE4-DAB4-404E-ABB5-F59C444EDA78}.Release|Any CPU.ActiveCfg = Release|Any CPU
		{6A001DE4-DAB4-404E-ABB5-F59C444EDA78}.Release|Any CPU.Build.0 = Release|Any CPU
	EndGlobalSection
	GlobalSection(SolutionProperties) = preSolution
		HideSolutionNode = FALSE
	EndGlobalSection
	GlobalSection(ExtensibilityGlobals) = postSolution
		SolutionGuid = {F909A4F3-066C-451D-9123-B7AAE91B84F3}
	EndGlobalSection
EndGlobal
